// !$*UTF8*$!
{
	archiveVersion = 1;
	classes = {
	};
	objectVersion = 46;
	objects = {

/* Begin PBXBuildFile section */
		0D57EFD31BE540A800FA9E6D /* main.swift in Sources */ = {isa = PBXBuildFile; fileRef = 0D57EFD21BE540A800FA9E6D /* main.swift */; };
		0D57EFDA1BE540E600FA9E6D /* Server.swift in Sources */ = {isa = PBXBuildFile; fileRef = 0D57EFD91BE540E600FA9E6D /* Server.swift */; };
		0D57EFDC1BE5442A00FA9E6D /* Address.swift in Sources */ = {isa = PBXBuildFile; fileRef = 0D57EFDB1BE5442A00FA9E6D /* Address.swift */; };
		0D57EFDE1BE5482A00FA9E6D /* ServerConnection.swift in Sources */ = {isa = PBXBuildFile; fileRef = 0D57EFDD1BE5482A00FA9E6D /* ServerConnection.swift */; };
		0D57EFE01BE548A100FA9E6D /* Endpoint.swift in Sources */ = {isa = PBXBuildFile; fileRef = 0D57EFDF1BE548A100FA9E6D /* Endpoint.swift */; };
		0D57EFE21BE576EE00FA9E6D /* ServerUtil.swift in Sources */ = {isa = PBXBuildFile; fileRef = 0D57EFE11BE576EE00FA9E6D /* ServerUtil.swift */; };
		0D57EFE41BE5917C00FA9E6D /* StringExtension.swift in Sources */ = {isa = PBXBuildFile; fileRef = 0D57EFE31BE5917C00FA9E6D /* StringExtension.swift */; };
/* End PBXBuildFile section */

/* Begin PBXCopyFilesBuildPhase section */
		0D57EFCD1BE540A800FA9E6D /* CopyFiles */ = {
			isa = PBXCopyFilesBuildPhase;
			buildActionMask = 2147483647;
			dstPath = /usr/share/man/man1/;
			dstSubfolderSpec = 0;
			files = (
			);
			runOnlyForDeploymentPostprocessing = 1;
		};
/* End PBXCopyFilesBuildPhase section */

/* Begin PBXFileReference section */
		0D57EFCF1BE540A800FA9E6D /* SwiftServerDemo */ = {isa = PBXFileReference; explicitFileType = "compiled.mach-o.executable"; includeInIndex = 0; path = SwiftServerDemo; sourceTree = BUILT_PRODUCTS_DIR; };
		0D57EFD21BE540A800FA9E6D /* main.swift */ = {isa = PBXFileReference; lastKnownFileType = sourcecode.swift; path = main.swift; sourceTree = "<group>"; };
		0D57EFD91BE540E600FA9E6D /* Server.swift */ = {isa = PBXFileReference; fileEncoding = 4; lastKnownFileType = sourcecode.swift; path = Server.swift; sourceTree = "<group>"; };
		0D57EFDB1BE5442A00FA9E6D /* Address.swift */ = {isa = PBXFileReference; fileEncoding = 4; lastKnownFileType = sourcecode.swift; path = Address.swift; sourceTree = "<group>"; };
		0D57EFDD1BE5482A00FA9E6D /* ServerConnection.swift */ = {isa = PBXFileReference; fileEncoding = 4; lastKnownFileType = sourcecode.swift; path = ServerConnection.swift; sourceTree = "<group>"; };
		0D57EFDF1BE548A100FA9E6D /* Endpoint.swift */ = {isa = PBXFileReference; fileEncoding = 4; lastKnownFileType = sourcecode.swift; path = Endpoint.swift; sourceTree = "<group>"; };
		0D57EFE11BE576EE00FA9E6D /* ServerUtil.swift */ = {isa = PBXFileReference; fileEncoding = 4; lastKnownFileType = sourcecode.swift; path = ServerUtil.swift; sourceTree = "<group>"; };
		0D57EFE31BE5917C00FA9E6D /* StringExtension.swift */ = {isa = PBXFileReference; fileEncoding = 4; lastKnownFileType = sourcecode.swift; path = StringExtension.swift; sourceTree = "<group>"; };
/* End PBXFileReference section */

/* Begin PBXFrameworksBuildPhase section */
		0D57EFCC1BE540A800FA9E6D /* Frameworks */ = {
			isa = PBXFrameworksBuildPhase;
			buildActionMask = 2147483647;
			files = (
			);
			runOnlyForDeploymentPostprocessing = 0;
		};
/* End PBXFrameworksBuildPhase section */

/* Begin PBXGroup section */
		0D57EFC61BE540A800FA9E6D = {
			isa = PBXGroup;
			children = (
				0D57EFD11BE540A800FA9E6D /* Sources */,
				0D57EFD01BE540A800FA9E6D /* Products */,
			);
			sourceTree = "<group>";
		};
		0D57EFD01BE540A800FA9E6D /* Products */ = {
			isa = PBXGroup;
			children = (
				0D57EFCF1BE540A800FA9E6D /* SwiftServerDemo */,
			);
			name = Products;
			sourceTree = "<group>";
		};
		0D57EFD11BE540A800FA9E6D /* Sources */ = {
			isa = PBXGroup;
			children = (
				0D57EFDB1BE5442A00FA9E6D /* Address.swift */,
				0D57EFDF1BE548A100FA9E6D /* Endpoint.swift */,
				0D57EFD91BE540E600FA9E6D /* Server.swift */,
				0D57EFDD1BE5482A00FA9E6D /* ServerConnection.swift */,
				0D57EFE11BE576EE00FA9E6D /* ServerUtil.swift */,
				0D57EFE31BE5917C00FA9E6D /* StringExtension.swift */,
				0D57EFD21BE540A800FA9E6D /* main.swift */,
			);
			path = Sources;
			sourceTree = "<group>";
		};
/* End PBXGroup section */

/* Begin PBXNativeTarget section */
		0D57EFCE1BE540A800FA9E6D /* SwiftServerDemo */ = {
			isa = PBXNativeTarget;
			buildConfigurationList = 0D57EFD61BE540A800FA9E6D /* Build configuration list for PBXNativeTarget "SwiftServerDemo" */;
			buildPhases = (
				0D57EFCB1BE540A800FA9E6D /* Sources */,
				0D57EFCC1BE540A800FA9E6D /* Frameworks */,
				0D57EFCD1BE540A800FA9E6D /* CopyFiles */,
			);
			buildRules = (
			);
			dependencies = (
			);
			name = SwiftServerDemo;
			productName = SwiftServerDemo;
			productReference = 0D57EFCF1BE540A800FA9E6D /* SwiftServerDemo */;
			productType = "com.apple.product-type.tool";
		};
/* End PBXNativeTarget section */

/* Begin PBXProject section */
		0D57EFC71BE540A800FA9E6D /* Project object */ = {
			isa = PBXProject;
			attributes = {
				LastSwiftUpdateCheck = 0710;
				LastUpgradeCheck = 0710;
				ORGANIZATIONNAME = "Josh Beam";
				TargetAttributes = {
					0D57EFCE1BE540A800FA9E6D = {
						CreatedOnToolsVersion = 7.1;
					};
				};
			};
			buildConfigurationList = 0D57EFCA1BE540A800FA9E6D /* Build configuration list for PBXProject "SwiftServerDemo" */;
			compatibilityVersion = "Xcode 3.2";
			developmentRegion = English;
			hasScannedForEncodings = 0;
			knownRegions = (
				en,
			);
			mainGroup = 0D57EFC61BE540A800FA9E6D;
			productRefGroup = 0D57EFD01BE540A800FA9E6D /* Products */;
			projectDirPath = "";
			projectRoot = "";
			targets = (
				0D57EFCE1BE540A800FA9E6D /* SwiftServerDemo */,
			);
		};
/* End PBXProject section */

/* Begin PBXSourcesBuildPhase section */
		0D57EFCB1BE540A800FA9E6D /* Sources */ = {
			isa = PBXSourcesBuildPhase;
			buildActionMask = 2147483647;
			files = (
				0D57EFDE1BE5482A00FA9E6D /* ServerConnection.swift in Sources */,
				0D57EFE41BE5917C00FA9E6D /* StringExtension.swift in Sources */,
				0D57EFDC1BE5442A00FA9E6D /* Address.swift in Sources */,
				0D57EFDA1BE540E600FA9E6D /* Server.swift in Sources */,
				0D57EFD31BE540A800FA9E6D /* main.swift in Sources */,
				0D57EFE21BE576EE00FA9E6D /* ServerUtil.swift in Sources */,
				0D57EFE01BE548A100FA9E6D /* Endpoint.swift in Sources */,
			);
			runOnlyForDeploymentPostprocessing = 0;
		};
/* End PBXSourcesBuildPhase section */

/* Begin XCBuildConfiguration section */
		0D57EFD41BE540A800FA9E6D /* Debug */ = {
			isa = XCBuildConfiguration;
			buildSettings = {
				ALWAYS_SEARCH_USER_PATHS = NO;
				CLANG_CXX_LANGUAGE_STANDARD = "gnu++0x";
				CLANG_CXX_LIBRARY = "libc++";
				CLANG_ENABLE_MODULES = YES;
				CLANG_ENABLE_OBJC_ARC = YES;
				CLANG_WARN_BOOL_CONVERSION = YES;
				CLANG_WARN_CONSTANT_CONVERSION = YES;
				CLANG_WARN_DIRECT_OBJC_ISA_USAGE = YES_ERROR;
				CLANG_WARN_EMPTY_BODY = YES;
				CLANG_WARN_ENUM_CONVERSION = YES;
				CLANG_WARN_INT_CONVERSION = YES;
				CLANG_WARN_OBJC_ROOT_CLASS = YES_ERROR;
				CLANG_WARN_UNREACHABLE_CODE = YES;
				CLANG_WARN__DUPLICATE_METHOD_MATCH = YES;
				CODE_SIGN_IDENTITY = "-";
				COPY_PHASE_STRIP = NO;
				DEBUG_INFORMATION_FORMAT = dwarf;
				ENABLE_STRICT_OBJC_MSGSEND = YES;
				ENABLE_TESTABILITY = YES;
				GCC_C_LANGUAGE_STANDARD = gnu99;
				GCC_DYNAMIC_NO_PIC = NO;
				GCC_NO_COMMON_BLOCKS = YES;
				GCC_OPTIMIZATION_LEVEL = 0;
				GCC_PREPROCESSOR_DEFINITIONS = (
					"DEBUG=1",
					"$(inherited)",
				);
				GCC_WARN_64_TO_32_BIT_CONVERSION = YES;
				GCC_WARN_ABOUT_RETURN_TYPE = YES_ERROR;
				GCC_WARN_UNDECLARED_SELECTOR = YES;
				GCC_WARN_UNINITIALIZED_AUTOS = YES_AGGRESSIVE;
				GCC_WARN_UNUSED_FUNCTION = YES;
				GCC_WARN_UNUSED_VARIABLE = YES;
				MACOSX_DEPLOYMENT_TARGET = 10.11;
				MTL_ENABLE_DEBUG_INFO = YES;
				ONLY_ACTIVE_ARCH = YES;
				SDKROOT = macosx;
				SWIFT_OPTIMIZATION_LEVEL = "-Onone";
			};
			name = Debug;
		};
		0D57EFD51BE540A800FA9E6D /* Release */ = {
			isa = XCBuildConfiguration;
			buildSettings = {
				ALWAYS_SEARCH_USER_PATHS = NO;
				CLANG_CXX_LANGUAGE_STANDARD = "gnu++0x";
				CLANG_CXX_LIBRARY = "libc++";
				CLANG_ENABLE_MODULES = YES;
				CLANG_ENABLE_OBJC_ARC = YES;
				CLANG_WARN_BOOL_CONVERSION = YES;
				CLANG_WARN_CONSTANT_CONVERSION = YES;
				CLANG_WARN_DIRECT_OBJC_ISA_USAGE = YES_ERROR;
				CLANG_WARN_EMPTY_BODY = YES;
				CLANG_WARN_ENUM_CONVERSION = YES;
				CLANG_WARN_INT_CONVERSION = YES;
				CLANG_WARN_OBJC_ROOT_CLASS = YES_ERROR;
				CLANG_WARN_UNREACHABLE_CODE = YES;
				CLANG_WARN__DUPLICATE_METHOD_MATCH = YES;
				CODE_SIGN_IDENTITY = "-";
				COPY_PHASE_STRIP = NO;
				DEBUG_INFORMATION_FORMAT = "dwarf-with-dsym";
				ENABLE_NS_ASSERTIONS = NO;
				ENABLE_STRICT_OBJC_MSGSEND = YES;
				GCC_C_LANGUAGE_STANDARD = gnu99;
				GCC_NO_COMMON_BLOCKS = YES;
				GCC_WARN_64_TO_32_BIT_CONVERSION = YES;
				GCC_WARN_ABOUT_RETURN_TYPE = YES_ERROR;
				GCC_WARN_UNDECLARED_SELECTOR = YES;
				GCC_WARN_UNINITIALIZED_AUTOS = YES_AGGRESSIVE;
				GCC_WARN_UNUSED_FUNCTION = YES;
				GCC_WARN_UNUSED_VARIABLE = YES;
				MACOSX_DEPLOYMENT_TARGET = 10.11;
				MTL_ENABLE_DEBUG_INFO = NO;
				SDKROOT = macosx;
			};
			name = Release;
		};
		0D57EFD71BE540A800FA9E6D /* Debug */ = {
			isa = XCBuildConfiguration;
			buildSettings = {
				PRODUCT_NAME = "$(TARGET_NAME)";
			};
			name = Debug;
		};
		0D57EFD81BE540A800FA9E6D /* Release */ = {
			isa = XCBuildConfiguration;
			buildSettings = {
				PRODUCT_NAME = "$(TARGET_NAME)";
			};
			name = Release;
		};
/* End XCBuildConfiguration section */

/* Begin XCConfigurationList section */
		0D57EFCA1BE540A800FA9E6D /* Build configuration list for PBXProject "SwiftServerDemo" */ = {
			isa = XCConfigurationList;
			buildConfigurations = (
				0D57EFD41BE540A800FA9E6D /* Debug */,
				0D57EFD51BE540A800FA9E6D /* Release */,
			);
			defaultConfigurationIsVisible = 0;
			defaultConfigurationName = Release;
		};
		0D57EFD61BE540A800FA9E6D /* Build configuration list for PBXNativeTarget "SwiftServerDemo" */ = {
			isa = XCConfigurationList;
			buildConfigurations = (
				0D57EFD71BE540A800FA9E6D /* Debug */,
				0D57EFD81BE540A800FA9E6D /* Release */,
			);
			defaultConfigurationIsVisible = 0;
		};
/* End XCConfigurationList section */
	};
	rootObject = 0D57EFC71BE540A800FA9E6D /* Project object */;
}
